
Microsoft Visual Studio Solution File, Format Version 12.00
# Visual Studio 2013
VisualStudioVersion = 12.0.21005.1
MinimumVisualStudioVersion = 10.0.40219.1
Project("{F2A71F9B-5D33-465A-A702-920D77279786}") = "Psq", "Psq\Psq.fsproj", "{27F0FF3C-5E80-4285-855C-B6474EF07EDC}"
EndProject
Project("{F2A71F9B-5D33-465A-A702-920D77279786}") = "Psq.Test", "Psq.Test\Psq.Test.fsproj", "{A5D75D7B-2B21-45A0-8AAB-73519403289D}"
EndProject
Project("{2150E333-8FDC-42A3-9474-1A3956D46DE8}") = ".nuget", ".nuget", "{1A908E52-B253-45D7-B948-5E60961298A1}"
	ProjectSection(SolutionItems) = preProject
		.nuget\NuGet.Config = .nuget\NuGet.Config
		.nuget\NuGet.exe = .nuget\NuGet.exe
		.nuget\NuGet.targets = .nuget\NuGet.targets
	EndProjectSection
EndProject
Global
	GlobalSection(SolutionConfigurationPlatforms) = preSolution
		Debug|Any CPU = Debug|Any CPU
		Release|Any CPU = Release|Any CPU
	EndGlobalSection
	GlobalSection(ProjectConfigurationPlatforms) = postSolution
		{27F0FF3C-5E80-4285-855C-B6474EF07EDC}.Debug|Any CPU.ActiveCfg = Debug|Any CPU
		{27F0FF3C-5E80-4285-855C-B6474EF07EDC}.Debug|Any CPU.Build.0 = Debug|Any CPU
		{27F0FF3C-5E80-4285-855C-B6474EF07EDC}.Release|Any CPU.ActiveCfg = Release|Any CPU
		{27F0FF3C-5E80-4285-855C-B6474EF07EDC}.Release|Any CPU.Build.0 = Release|Any CPU
		{A5D75D7B-2B21-45A0-8AAB-73519403289D}.Debug|Any CPU.ActiveCfg = Debug|Any CPU
		{A5D75D7B-2B21-45A0-8AAB-73519403289D}.Debug|Any CPU.Build.0 = Debug|Any CPU
		{A5D75D7B-2B21-45A0-8AAB-73519403289D}.Release|Any CPU.ActiveCfg = Release|Any CPU
		{A5D75D7B-2B21-45A0-8AAB-73519403289D}.Release|Any CPU.Build.0 = Release|Any CPU
	EndGlobalSection
	GlobalSection(SolutionProperties) = preSolution
		HideSolutionNode = FALSE
	EndGlobalSection
EndGlobal
